
Microsoft Visual Studio Solution File, Format Version 12.00
# Visual Studio Version 17
VisualStudioVersion = 17.5.002.0
MinimumVisualStudioVersion = 10.0.40219.1
Project("{9A19103F-16F7-4668-BE54-9A1E7A4F7556}") = "fianciamento", "fianciamento.csproj", "{EFCBFA86-CE9D-4A5A-97EB-5FBFD0463220}"
EndProject
Global
	GlobalSection(SolutionConfigurationPlatforms) = preSolution
		Debug|Any CPU = Debug|Any CPU
		Release|Any CPU = Release|Any CPU
	EndGlobalSection
	GlobalSection(ProjectConfigurationPlatforms) = postSolution
		{EFCBFA86-CE9D-4A5A-97EB-5FBFD0463220}.Debug|Any CPU.ActiveCfg = Debug|Any CPU
		{EFCBFA86-CE9D-4A5A-97EB-5FBFD0463220}.Debug|Any CPU.Build.0 = Debug|Any CPU
		{EFCBFA86-CE9D-4A5A-97EB-5FBFD0463220}.Release|Any CPU.ActiveCfg = Release|Any CPU
		{EFCBFA86-CE9D-4A5A-97EB-5FBFD0463220}.Release|Any CPU.Build.0 = Release|Any CPU
	EndGlobalSection
	GlobalSection(SolutionProperties) = preSolution
		HideSolutionNode = FALSE
	EndGlobalSection
	GlobalSection(ExtensibilityGlobals) = postSolution
		SolutionGuid = {EE0A3222-41BC-45A3-BD4E-5FB4145A44DA}
	EndGlobalSection
EndGlobal
